
Microsoft Visual Studio Solution File, Format Version 12.00
# Visual Studio Version 17
VisualStudioVersion = 17.0.32112.339
MinimumVisualStudioVersion = 10.0.40219.1
Project("{9A19103F-16F7-4668-BE54-9A1E7A4F7556}") = "AuthAppCrud3", "AuthAppCrud3\AuthAppCrud3.csproj", "{6716EC97-F67C-496D-8539-46C9D6A44682}"
	ProjectSection(ProjectDependencies) = postProject
		{A182CE97-BEF2-4206-83E7-935C2C1B7312} = {A182CE97-BEF2-4206-83E7-935C2C1B7312}
	EndProjectSection
EndProject
Project("{FAE04EC0-301F-11D3-BF4B-00C04F79EFBC}") = "WebApi3", "WebApi3\WebApi3.csproj", "{A182CE97-BEF2-4206-83E7-935C2C1B7312}"
EndProject
Global
	GlobalSection(SolutionConfigurationPlatforms) = preSolution
		Debug|Any CPU = Debug|Any CPU
		Release|Any CPU = Release|Any CPU
	EndGlobalSection
	GlobalSection(ProjectConfigurationPlatforms) = postSolution
		{6716EC97-F67C-496D-8539-46C9D6A44682}.Debug|Any CPU.ActiveCfg = Debug|Any CPU
		{6716EC97-F67C-496D-8539-46C9D6A44682}.Debug|Any CPU.Build.0 = Debug|Any CPU
		{6716EC97-F67C-496D-8539-46C9D6A44682}.Release|Any CPU.ActiveCfg = Release|Any CPU
		{6716EC97-F67C-496D-8539-46C9D6A44682}.Release|Any CPU.Build.0 = Release|Any CPU
		{A182CE97-BEF2-4206-83E7-935C2C1B7312}.Debug|Any CPU.ActiveCfg = Debug|Any CPU
		{A182CE97-BEF2-4206-83E7-935C2C1B7312}.Debug|Any CPU.Build.0 = Debug|Any CPU
		{A182CE97-BEF2-4206-83E7-935C2C1B7312}.Release|Any CPU.ActiveCfg = Release|Any CPU
		{A182CE97-BEF2-4206-83E7-935C2C1B7312}.Release|Any CPU.Build.0 = Release|Any CPU
	EndGlobalSection
	GlobalSection(SolutionProperties) = preSolution
		HideSolutionNode = FALSE
	EndGlobalSection
	GlobalSection(ExtensibilityGlobals) = postSolution
		SolutionGuid = {0F4FEFF2-7A5F-4CA3-8472-E46948ACA459}
	EndGlobalSection
EndGlobal
